// !$*UTF8*$!
{
	archiveVersion = 1;
	classes = {
	};
	objectVersion = 56;
	objects = {

/* Begin PBXBuildFile section */
		171DB94A2860CCF000351CE3 /* SettingsView.swift in Sources */ = {isa = PBXBuildFile; fileRef = 171DB9492860CCF000351CE3 /* SettingsView.swift */; };
		17341734285E1C6C008E0D72 /* HandleWindowApp.swift in Sources */ = {isa = PBXBuildFile; fileRef = 17341733285E1C6C008E0D72 /* HandleWindowApp.swift */; };
		17341736285E1C6C008E0D72 /* ContentView.swift in Sources */ = {isa = PBXBuildFile; fileRef = 17341735285E1C6C008E0D72 /* ContentView.swift */; };
		17341738285E1C6C008E0D72 /* Assets.xcassets in Resources */ = {isa = PBXBuildFile; fileRef = 17341737285E1C6C008E0D72 /* Assets.xcassets */; };
		1734173B285E1C6C008E0D72 /* Preview Assets.xcassets in Resources */ = {isa = PBXBuildFile; fileRef = 1734173A285E1C6C008E0D72 /* Preview Assets.xcassets */; };
		17341743285E1C94008E0D72 /* WindowAccessor.swift in Sources */ = {isa = PBXBuildFile; fileRef = 17341742285E1C94008E0D72 /* WindowAccessor.swift */; };
		175070D6286C8127006DB200 /* WindowManager.swift in Sources */ = {isa = PBXBuildFile; fileRef = 175070D5286C8127006DB200 /* WindowManager.swift */; };
		175070D8286C8153006DB200 /* ManagedWindow.swift in Sources */ = {isa = PBXBuildFile; fileRef = 175070D7286C8153006DB200 /* ManagedWindow.swift */; };
/* End PBXBuildFile section */

/* Begin PBXFileReference section */
		171DB9482860C9FD00351CE3 /* Info.plist */ = {isa = PBXFileReference; lastKnownFileType = text.plist; path = Info.plist; sourceTree = "<group>"; };
		171DB9492860CCF000351CE3 /* SettingsView.swift */ = {isa = PBXFileReference; lastKnownFileType = sourcecode.swift; path = SettingsView.swift; sourceTree = "<group>"; };
		171DB96628621E2200351CE3 /* README.md */ = {isa = PBXFileReference; lastKnownFileType = net.daringfireball.markdown; path = README.md; sourceTree = "<group>"; };
		17341730285E1C6C008E0D72 /* HandleWindow.app */ = {isa = PBXFileReference; explicitFileType = wrapper.application; includeInIndex = 0; path = HandleWindow.app; sourceTree = BUILT_PRODUCTS_DIR; };
		17341733285E1C6C008E0D72 /* HandleWindowApp.swift */ = {isa = PBXFileReference; lastKnownFileType = sourcecode.swift; path = HandleWindowApp.swift; sourceTree = "<group>"; };
		17341735285E1C6C008E0D72 /* ContentView.swift */ = {isa = PBXFileReference; lastKnownFileType = sourcecode.swift; path = ContentView.swift; sourceTree = "<group>"; };
		17341737285E1C6C008E0D72 /* Assets.xcassets */ = {isa = PBXFileReference; lastKnownFileType = folder.assetcatalog; path = Assets.xcassets; sourceTree = "<group>"; };
		1734173A285E1C6C008E0D72 /* Preview Assets.xcassets */ = {isa = PBXFileReference; lastKnownFileType = folder.assetcatalog; path = "Preview Assets.xcassets"; sourceTree = "<group>"; };
		1734173C285E1C6C008E0D72 /* HandleWindow.entitlements */ = {isa = PBXFileReference; lastKnownFileType = text.plist.entitlements; path = HandleWindow.entitlements; sourceTree = "<group>"; };
		17341742285E1C94008E0D72 /* WindowAccessor.swift */ = {isa = PBXFileReference; lastKnownFileType = sourcecode.swift; path = WindowAccessor.swift; sourceTree = "<group>"; };
		175070D5286C8127006DB200 /* WindowManager.swift */ = {isa = PBXFileReference; lastKnownFileType = sourcecode.swift; path = WindowManager.swift; sourceTree = "<group>"; };
		175070D7286C8153006DB200 /* ManagedWindow.swift */ = {isa = PBXFileReference; lastKnownFileType = sourcecode.swift; path = ManagedWindow.swift; sourceTree = "<group>"; };
/* End PBXFileReference section */

/* Begin PBXFrameworksBuildPhase section */
		1734172D285E1C6C008E0D72 /* Frameworks */ = {
			isa = PBXFrameworksBuildPhase;
			buildActionMask = 2147483647;
			files = (
			);
			runOnlyForDeploymentPostprocessing = 0;
		};
/* End PBXFrameworksBuildPhase section */

/* Begin PBXGroup section */
		17341727285E1C6C008E0D72 = {
			isa = PBXGroup;
			children = (
				171DB96628621E2200351CE3 /* README.md */,
				17341732285E1C6C008E0D72 /* HandleWindow */,
				17341731285E1C6C008E0D72 /* Products */,
			);
			sourceTree = "<group>";
		};
		17341731285E1C6C008E0D72 /* Products */ = {
			isa = PBXGroup;
			children = (
				17341730285E1C6C008E0D72 /* HandleWindow.app */,
			);
			name = Products;
			sourceTree = "<group>";
		};
		17341732285E1C6C008E0D72 /* HandleWindow */ = {
			isa = PBXGroup;
			children = (
				17341733285E1C6C008E0D72 /* HandleWindowApp.swift */,
				17341735285E1C6C008E0D72 /* ContentView.swift */,
				175070D5286C8127006DB200 /* WindowManager.swift */,
				175070D7286C8153006DB200 /* ManagedWindow.swift */,
				171DB9492860CCF000351CE3 /* SettingsView.swift */,
				17341742285E1C94008E0D72 /* WindowAccessor.swift */,
				17341737285E1C6C008E0D72 /* Assets.xcassets */,
				1734173C285E1C6C008E0D72 /* HandleWindow.entitlements */,
				171DB9482860C9FD00351CE3 /* Info.plist */,
				17341739285E1C6C008E0D72 /* Preview Content */,
			);
			path = HandleWindow;
			sourceTree = "<group>";
		};
		17341739285E1C6C008E0D72 /* Preview Content */ = {
			isa = PBXGroup;
			children = (
				1734173A285E1C6C008E0D72 /* Preview Assets.xcassets */,
			);
			path = "Preview Content";
			sourceTree = "<group>";
		};
/* End PBXGroup section */

/* Begin PBXNativeTarget section */
		1734172F285E1C6C008E0D72 /* HandleWindow */ = {
			isa = PBXNativeTarget;
			buildConfigurationList = 1734173F285E1C6C008E0D72 /* Build configuration list for PBXNativeTarget "HandleWindow" */;
			buildPhases = (
				1734172C285E1C6C008E0D72 /* Sources */,
				1734172D285E1C6C008E0D72 /* Frameworks */,
				1734172E285E1C6C008E0D72 /* Resources */,
			);
			buildRules = (
			);
			dependencies = (
			);
			name = HandleWindow;
			productName = HandleWindow;
			productReference = 17341730285E1C6C008E0D72 /* HandleWindow.app */;
			productType = "com.apple.product-type.application";
		};
/* End PBXNativeTarget section */

/* Begin PBXProject section */
		17341728285E1C6C008E0D72 /* Project object */ = {
			isa = PBXProject;
			attributes = {
				BuildIndependentTargetsInParallel = 1;
				LastSwiftUpdateCheck = 1400;
				LastUpgradeCheck = 1400;
				TargetAttributes = {
					1734172F285E1C6C008E0D72 = {
						CreatedOnToolsVersion = 14.0;
					};
				};
			};
			buildConfigurationList = 1734172B285E1C6C008E0D72 /* Build configuration list for PBXProject "HandleWindow" */;
			compatibilityVersion = "Xcode 14.0";
			developmentRegion = en;
			hasScannedForEncodings = 0;
			knownRegions = (
				en,
				Base,
			);
			mainGroup = 17341727285E1C6C008E0D72;
			productRefGroup = 17341731285E1C6C008E0D72 /* Products */;
			projectDirPath = "";
			projectRoot = "";
			targets = (
				1734172F285E1C6C008E0D72 /* HandleWindow */,
			);
		};
/* End PBXProject section */

/* Begin PBXResourcesBuildPhase section */
		1734172E285E1C6C008E0D72 /* Resources */ = {
			isa = PBXResourcesBuildPhase;
			buildActionMask = 2147483647;
			files = (
				1734173B285E1C6C008E0D72 /* Preview Assets.xcassets in Resources */,
				17341738285E1C6C008E0D72 /* Assets.xcassets in Resources */,
			);
			runOnlyForDeploymentPostprocessing = 0;
		};
/* End PBXResourcesBuildPhase section */

/* Begin PBXSourcesBuildPhase section */
		1734172C285E1C6C008E0D72 /* Sources */ = {
			isa = PBXSourcesBuildPhase;
			buildActionMask = 2147483647;
			files = (
				17341743285E1C94008E0D72 /* WindowAccessor.swift in Sources */,
				171DB94A2860CCF000351CE3 /* SettingsView.swift in Sources */,
				17341736285E1C6C008E0D72 /* ContentView.swift in Sources */,
				17341734285E1C6C008E0D72 /* HandleWindowApp.swift in Sources */,
				175070D6286C8127006DB200 /* WindowManager.swift in Sources */,
				175070D8286C8153006DB200 /* ManagedWindow.swift in Sources */,
			);
			runOnlyForDeploymentPostprocessing = 0;
		};
/* End PBXSourcesBuildPhase section */

/* Begin XCBuildConfiguration section */
		1734173D285E1C6C008E0D72 /* Debug */ = {
			isa = XCBuildConfiguration;
			buildSettings = {
				ALWAYS_SEARCH_USER_PATHS = NO;
				CLANG_ANALYZER_NONNULL = YES;
				CLANG_ANALYZER_NUMBER_OBJECT_CONVERSION = YES_AGGRESSIVE;
				CLANG_CXX_LANGUAGE_STANDARD = "gnu++17";
				CLANG_ENABLE_MODULES = YES;
				CLANG_ENABLE_OBJC_ARC = YES;
				CLANG_ENABLE_OBJC_WEAK = YES;
				CLANG_WARN_BLOCK_CAPTURE_AUTORELEASING = YES;
				CLANG_WARN_BOOL_CONVERSION = YES;
				CLANG_WARN_COMMA = YES;
				CLANG_WARN_CONSTANT_CONVERSION = YES;
				CLANG_WARN_DEPRECATED_OBJC_IMPLEMENTATIONS = YES;
				CLANG_WARN_DIRECT_OBJC_ISA_USAGE = YES_ERROR;
				CLANG_WARN_DOCUMENTATION_COMMENTS = YES;
				CLANG_WARN_EMPTY_BODY = YES;
				CLANG_WARN_ENUM_CONVERSION = YES;
				CLANG_WARN_INFINITE_RECURSION = YES;
				CLANG_WARN_INT_CONVERSION = YES;
				CLANG_WARN_NON_LITERAL_NULL_CONVERSION = YES;
				CLANG_WARN_OBJC_IMPLICIT_RETAIN_SELF = YES;
				CLANG_WARN_OBJC_LITERAL_CONVERSION = YES;
				CLANG_WARN_OBJC_ROOT_CLASS = YES_ERROR;
				CLANG_WARN_QUOTED_INCLUDE_IN_FRAMEWORK_HEADER = YES;
				CLANG_WARN_RANGE_LOOP_ANALYSIS = YES;
				CLANG_WARN_STRICT_PROTOTYPES = YES;
				CLANG_WARN_SUSPICIOUS_MOVE = YES;
				CLANG_WARN_UNGUARDED_AVAILABILITY = YES_AGGRESSIVE;
				CLANG_WARN_UNREACHABLE_CODE = YES;
				CLANG_WARN__DUPLICATE_METHOD_MATCH = YES;
				COPY_PHASE_STRIP = NO;
				DEBUG_INFORMATION_FORMAT = dwarf;
				ENABLE_STRICT_OBJC_MSGSEND = YES;
				ENABLE_TESTABILITY = YES;
				GCC_C_LANGUAGE_STANDARD = gnu11;
				GCC_DYNAMIC_NO_PIC = NO;
				GCC_NO_COMMON_BLOCKS = YES;
				GCC_OPTIMIZATION_LEVEL = 0;
				GCC_PREPROCESSOR_DEFINITIONS = (
					"DEBUG=1",
					"$(inherited)",
				);
				GCC_WARN_64_TO_32_BIT_CONVERSION = YES;
				GCC_WARN_ABOUT_RETURN_TYPE = YES_ERROR;
				GCC_WARN_UNDECLARED_SELECTOR = YES;
				GCC_WARN_UNINITIALIZED_AUTOS = YES_AGGRESSIVE;
				GCC_WARN_UNUSED_FUNCTION = YES;
				GCC_WARN_UNUSED_VARIABLE = YES;
				MACOSX_DEPLOYMENT_TARGET = 12.4;
				MTL_ENABLE_DEBUG_INFO = INCLUDE_SOURCE;
				MTL_FAST_MATH = YES;
				ONLY_ACTIVE_ARCH = YES;
				SDKROOT = macosx;
				SWIFT_ACTIVE_COMPILATION_CONDITIONS = DEBUG;
				SWIFT_OPTIMIZATION_LEVEL = "-Onone";
			};
			name = Debug;
		};
		1734173E285E1C6C008E0D72 /* Release */ = {
			isa = XCBuildConfiguration;
			buildSettings = {
				ALWAYS_SEARCH_USER_PATHS = NO;
				CLANG_ANALYZER_NONNULL = YES;
				CLANG_ANALYZER_NUMBER_OBJECT_CONVERSION = YES_AGGRESSIVE;
				CLANG_CXX_LANGUAGE_STANDARD = "gnu++17";
				CLANG_ENABLE_MODULES = YES;
				CLANG_ENABLE_OBJC_ARC = YES;
				CLANG_ENABLE_OBJC_WEAK = YES;
				CLANG_WARN_BLOCK_CAPTURE_AUTORELEASING = YES;
				CLANG_WARN_BOOL_CONVERSION = YES;
				CLANG_WARN_COMMA = YES;
				CLANG_WARN_CONSTANT_CONVERSION = YES;
				CLANG_WARN_DEPRECATED_OBJC_IMPLEMENTATIONS = YES;
				CLANG_WARN_DIRECT_OBJC_ISA_USAGE = YES_ERROR;
				CLANG_WARN_DOCUMENTATION_COMMENTS = YES;
				CLANG_WARN_EMPTY_BODY = YES;
				CLANG_WARN_ENUM_CONVERSION = YES;
				CLANG_WARN_INFINITE_RECURSION = YES;
				CLANG_WARN_INT_CONVERSION = YES;
				CLANG_WARN_NON_LITERAL_NULL_CONVERSION = YES;
				CLANG_WARN_OBJC_IMPLICIT_RETAIN_SELF = YES;
				CLANG_WARN_OBJC_LITERAL_CONVERSION = YES;
				CLANG_WARN_OBJC_ROOT_CLASS = YES_ERROR;
				CLANG_WARN_QUOTED_INCLUDE_IN_FRAMEWORK_HEADER = YES;
				CLANG_WARN_RANGE_LOOP_ANALYSIS = YES;
				CLANG_WARN_STRICT_PROTOTYPES = YES;
				CLANG_WARN_SUSPICIOUS_MOVE = YES;
				CLANG_WARN_UNGUARDED_AVAILABILITY = YES_AGGRESSIVE;
				CLANG_WARN_UNREACHABLE_CODE = YES;
				CLANG_WARN__DUPLICATE_METHOD_MATCH = YES;
				COPY_PHASE_STRIP = NO;
				DEBUG_INFORMATION_FORMAT = "dwarf-with-dsym";
				ENABLE_NS_ASSERTIONS = NO;
				ENABLE_STRICT_OBJC_MSGSEND = YES;
				GCC_C_LANGUAGE_STANDARD = gnu11;
				GCC_NO_COMMON_BLOCKS = YES;
				GCC_WARN_64_TO_32_BIT_CONVERSION = YES;
				GCC_WARN_ABOUT_RETURN_TYPE = YES_ERROR;
				GCC_WARN_UNDECLARED_SELECTOR = YES;
				GCC_WARN_UNINITIALIZED_AUTOS = YES_AGGRESSIVE;
				GCC_WARN_UNUSED_FUNCTION = YES;
				GCC_WARN_UNUSED_VARIABLE = YES;
				MACOSX_DEPLOYMENT_TARGET = 12.4;
				MTL_ENABLE_DEBUG_INFO = NO;
				MTL_FAST_MATH = YES;
				SDKROOT = macosx;
				SWIFT_COMPILATION_MODE = wholemodule;
				SWIFT_OPTIMIZATION_LEVEL = "-O";
			};
			name = Release;
		};
		17341740285E1C6C008E0D72 /* Debug */ = {
			isa = XCBuildConfiguration;
			buildSettings = {
				ASSETCATALOG_COMPILER_APPICON_NAME = AppIcon;
				ASSETCATALOG_COMPILER_GLOBAL_ACCENT_COLOR_NAME = AccentColor;
				CODE_SIGN_ENTITLEMENTS = HandleWindow/HandleWindow.entitlements;
				CODE_SIGN_STYLE = Automatic;
				COMBINE_HIDPI_IMAGES = YES;
				CURRENT_PROJECT_VERSION = 1;
				DEVELOPMENT_ASSET_PATHS = "\"HandleWindow/Preview Content\"";
				DEVELOPMENT_TEAM = P8CC95REUG;
				ENABLE_HARDENED_RUNTIME = YES;
				ENABLE_PREVIEWS = YES;
				GENERATE_INFOPLIST_FILE = YES;
				INFOPLIST_FILE = HandleWindow/Info.plist;
				INFOPLIST_KEY_NSHumanReadableCopyright = "";
				LD_RUNPATH_SEARCH_PATHS = (
					"$(inherited)",
					"@executable_path/../Frameworks",
				);
				MACOSX_DEPLOYMENT_TARGET = 12.4;
				MARKETING_VERSION = 1.0;
				PRODUCT_BUNDLE_IDENTIFIER = com.yourcompany.HandleWindow;
				PRODUCT_NAME = "$(TARGET_NAME)";
				SWIFT_EMIT_LOC_STRINGS = YES;
				SWIFT_VERSION = 5.0;
			};
			name = Debug;
		};
		17341741285E1C6C008E0D72 /* Release */ = {
			isa = XCBuildConfiguration;
			buildSettings = {
				ASSETCATALOG_COMPILER_APPICON_NAME = AppIcon;
				ASSETCATALOG_COMPILER_GLOBAL_ACCENT_COLOR_NAME = AccentColor;
				CODE_SIGN_ENTITLEMENTS = HandleWindow/HandleWindow.entitlements;
				CODE_SIGN_STYLE = Automatic;
				COMBINE_HIDPI_IMAGES = YES;
				CURRENT_PROJECT_VERSION = 1;
				DEVELOPMENT_ASSET_PATHS = "\"HandleWindow/Preview Content\"";
				DEVELOPMENT_TEAM = P8CC95REUG;
				ENABLE_HARDENED_RUNTIME = YES;
				ENABLE_PREVIEWS = YES;
				GENERATE_INFOPLIST_FILE = YES;
				INFOPLIST_FILE = HandleWindow/Info.plist;
				INFOPLIST_KEY_NSHumanReadableCopyright = "";
				LD_RUNPATH_SEARCH_PATHS = (
					"$(inherited)",
					"@executable_path/../Frameworks",
				);
				MACOSX_DEPLOYMENT_TARGET = 12.4;
				MARKETING_VERSION = 1.0;
				PRODUCT_BUNDLE_IDENTIFIER = com.yourcompany.HandleWindow;
				PRODUCT_NAME = "$(TARGET_NAME)";
				SWIFT_EMIT_LOC_STRINGS = YES;
				SWIFT_VERSION = 5.0;
			};
			name = Release;
		};
/* End XCBuildConfiguration section */

/* Begin XCConfigurationList section */
		1734172B285E1C6C008E0D72 /* Build configuration list for PBXProject "HandleWindow" */ = {
			isa = XCConfigurationList;
			buildConfigurations = (
				1734173D285E1C6C008E0D72 /* Debug */,
				1734173E285E1C6C008E0D72 /* Release */,
			);
			defaultConfigurationIsVisible = 0;
			defaultConfigurationName = Release;
		};
		1734173F285E1C6C008E0D72 /* Build configuration list for PBXNativeTarget "HandleWindow" */ = {
			isa = XCConfigurationList;
			buildConfigurations = (
				17341740285E1C6C008E0D72 /* Debug */,
				17341741285E1C6C008E0D72 /* Release */,
			);
			defaultConfigurationIsVisible = 0;
			defaultConfigurationName = Release;
		};
/* End XCConfigurationList section */
	};
	rootObject = 17341728285E1C6C008E0D72 /* Project object */;
}
